
Microsoft Visual Studio Solution File, Format Version 12.00
# Visual Studio Version 17
VisualStudioVersion = 17.2.32616.157
MinimumVisualStudioVersion = 10.0.40219.1
Project("{FAE04EC0-301F-11D3-BF4B-00C04F79EFBC}") = "TestDllKokorin", "TestDllKokorin\TestDllKokorin.csproj", "{F267C2DC-7D04-448D-A14C-2B4B140D1FB2}"
EndProject
Global
	GlobalSection(SolutionConfigurationPlatforms) = preSolution
		Debug|Any CPU = Debug|Any CPU
		Release|Any CPU = Release|Any CPU
	EndGlobalSection
	GlobalSection(ProjectConfigurationPlatforms) = postSolution
		{F267C2DC-7D04-448D-A14C-2B4B140D1FB2}.Debug|Any CPU.ActiveCfg = Debug|Any CPU
		{F267C2DC-7D04-448D-A14C-2B4B140D1FB2}.Debug|Any CPU.Build.0 = Debug|Any CPU
		{F267C2DC-7D04-448D-A14C-2B4B140D1FB2}.Release|Any CPU.ActiveCfg = Release|Any CPU
		{F267C2DC-7D04-448D-A14C-2B4B140D1FB2}.Release|Any CPU.Build.0 = Release|Any CPU
	EndGlobalSection
	GlobalSection(SolutionProperties) = preSolution
		HideSolutionNode = FALSE
	EndGlobalSection
	GlobalSection(ExtensibilityGlobals) = postSolution
		SolutionGuid = {9FFC52B9-3441-4732-9572-EB9E5FEC3E14}
	EndGlobalSection
EndGlobal
